{
  "name": "fixture-safe-npm",
  "version": "1.0.0",
  "lockfileVersion": 3,
  "requires": true,
  "packages": {
    "": {
      "name": "fixture-safe-npm",
      "version": "1.0.0",
      "dependencies": {
        "@tanstack/router-utils": "^1.161.10"
      }
    },
    "node_modules/@tanstack/router-utils": {
      "version": "1.161.10",
      "resolved": "https://registry.npmjs.org/@tanstack/router-utils/-/router-utils-1.161.10.tgz",
      "integrity": "sha512-placeholder=="
    }
  }
}
